
Microsoft Visual Studio Solution File, Format Version 12.00
# Visual Studio Version 16
VisualStudioVersion = 16.0.29411.108
MinimumVisualStudioVersion = 10.0.40219.1
Project("{FAE04EC0-301F-11D3-BF4B-00C04F79EFBC}") = "GameOfLife", "GameOfLife.csproj", "{4325299D-4F09-4DCB-B4A5-82EB1C4DF63A}"
EndProject
Global
	GlobalSection(SolutionConfigurationPlatforms) = preSolution
		Debug|Any CPU = Debug|Any CPU
		Release|Any CPU = Release|Any CPU
	EndGlobalSection
	GlobalSection(ProjectConfigurationPlatforms) = postSolution
		{4325299D-4F09-4DCB-B4A5-82EB1C4DF63A}.Debug|Any CPU.ActiveCfg = Debug|Any CPU
		{4325299D-4F09-4DCB-B4A5-82EB1C4DF63A}.Debug|Any CPU.Build.0 = Debug|Any CPU
		{4325299D-4F09-4DCB-B4A5-82EB1C4DF63A}.Release|Any CPU.ActiveCfg = Release|Any CPU
		{4325299D-4F09-4DCB-B4A5-82EB1C4DF63A}.Release|Any CPU.Build.0 = Release|Any CPU
	EndGlobalSection
	GlobalSection(SolutionProperties) = preSolution
		HideSolutionNode = FALSE
	EndGlobalSection
	GlobalSection(ExtensibilityGlobals) = postSolution
		SolutionGuid = {E496AD2E-46F0-4AF1-A7AB-CFC1CCEA8DA9}
	EndGlobalSection
EndGlobal
